{
  "name": "laftel-refactor",
  "lockfileVersion": 3,
  "requires": true,
  "packages": {
    "": {
      "dependencies": {
        "@tanstack/react-query": "^5.49.2",
        "@types/lodash.debounce": "^4.0.9",
        "lodash.debounce": "^4.0.8",
        "react-icons": "^5.2.1"
      }
    },
    "node_modules/@tanstack/query-core": {
      "version": "5.49.1",
      "resolved": "https://registry.npmjs.org/@tanstack/query-core/-/query-core-5.49.1.tgz",
      "integrity": "sha512-JnC9ndmD1KKS01Rt/ovRUB1tmwO7zkyXAyIxN9mznuJrcNtOrkmOnQqdJF2ib9oHzc2VxHomnEG7xyfo54Npkw==",
      "funding": {
        "type": "github",
        "url": "https://github.com/sponsors/tannerlinsley"
      }
    },
    "node_modules/@tanstack/react-query": {
      "version": "5.49.2",
      "resolved": "https://registry.npmjs.org/@tanstack/react-query/-/react-query-5.49.2.tgz",
      "integrity": "sha512-6rfwXDK9BvmHISbNFuGd+wY3P44lyW7lWiA9vIFGT/T0P9aHD1VkjTvcM4SDAIbAQ9ygEZZoLt7dlU1o3NjMVA==",
      "dependencies": {
        "@tanstack/query-core": "5.49.1"
      },
      "funding": {
        "type": "github",
        "url": "https://github.com/sponsors/tannerlinsley"
      },
      "peerDependencies": {
        "react": "^18.0.0"
      }
    },
    "node_modules/@types/lodash": {
      "version": "4.17.6",
      "resolved": "https://registry.npmjs.org/@types/lodash/-/lodash-4.17.6.tgz",
      "integrity": "sha512-OpXEVoCKSS3lQqjx9GGGOapBeuW5eUboYHRlHP9urXPX25IKZ6AnP5ZRxtVf63iieUbsHxLn8NQ5Nlftc6yzAA=="
    },
    "node_modules/@types/lodash.debounce": {
      "version": "4.0.9",
      "resolved": "https://registry.npmjs.org/@types/lodash.debounce/-/lodash.debounce-4.0.9.tgz",
      "integrity": "sha512-Ma5JcgTREwpLRwMM+XwBR7DaWe96nC38uCBDFKZWbNKD+osjVzdpnUSwBcqCptrp16sSOLBAUb50Car5I0TCsQ==",
      "dependencies": {
        "@types/lodash": "*"
      }
    },
    "node_modules/js-tokens": {
      "version": "4.0.0",
      "resolved": "https://registry.npmjs.org/js-tokens/-/js-tokens-4.0.0.tgz",
      "integrity": "sha512-RdJUflcE3cUzKiMqQgsCu06FPu9UdIJO0beYbPhHN4k6apgJtifcoCtT9bcxOpYBtpD2kCM6Sbzg4CausW/PKQ==",
      "peer": true
    },
    "node_modules/lodash.debounce": {
      "version": "4.0.8",
      "resolved": "https://registry.npmjs.org/lodash.debounce/-/lodash.debounce-4.0.8.tgz",
      "integrity": "sha512-FT1yDzDYEoYWhnSGnpE/4Kj1fLZkDFyqRb7fNt6FdYOSxlUWAtp42Eh6Wb0rGIv/m9Bgo7x4GhQbm5Ys4SG5ow=="
    },
    "node_modules/loose-envify": {
      "version": "1.4.0",
      "resolved": "https://registry.npmjs.org/loose-envify/-/loose-envify-1.4.0.tgz",
      "integrity": "sha512-lyuxPGr/Wfhrlem2CL/UcnUc1zcqKAImBDzukY7Y5F/yQiNdko6+fRLevlw1HgMySw7f611UIY408EtxRSoK3Q==",
      "peer": true,
      "dependencies": {
        "js-tokens": "^3.0.0 || ^4.0.0"
      },
      "bin": {
        "loose-envify": "cli.js"
      }
    },
    "node_modules/react": {
      "version": "18.3.1",
      "resolved": "https://registry.npmjs.org/react/-/react-18.3.1.tgz",
      "integrity": "sha512-wS+hAgJShR0KhEvPJArfuPVN1+Hz1t0Y6n5jLrGQbkb4urgPE/0Rve+1kMB1v/oWgHgm4WIcV+i7F2pTVj+2iQ==",
      "peer": true,
      "dependencies": {
        "loose-envify": "^1.1.0"
      },
      "engines": {
        "node": ">=0.10.0"
      }
    },
    "node_modules/react-icons": {
      "version": "5.2.1",
      "resolved": "https://registry.npmjs.org/react-icons/-/react-icons-5.2.1.tgz",
      "integrity": "sha512-zdbW5GstTzXaVKvGSyTaBalt7HSfuK5ovrzlpyiWHAFXndXTdd/1hdDHI4xBM1Mn7YriT6aqESucFl9kEXzrdw==",
      "peerDependencies": {
        "react": "*"
      }
    }
  }
}
